// !$*UTF8*$!
{
	archiveVersion = 1;
	classes = {
	};
	objectVersion = 56;
	objects = {

/* Begin PBXBuildFile section */
		D204C0B62C76136700C7B221 /* Date+Ext.swift in Sources */ = {isa = PBXBuildFile; fileRef = D204C0B52C76136700C7B221 /* Date+Ext.swift */; };
		D204C0B82C7613B000C7B221 /* String+Ext.swift in Sources */ = {isa = PBXBuildFile; fileRef = D204C0B72C7613B000C7B221 /* String+Ext.swift */; };
		D220E8CC2C6B14DA00C3E350 /* FollowerCell.swift in Sources */ = {isa = PBXBuildFile; fileRef = D220E8CB2C6B14DA00C3E350 /* FollowerCell.swift */; };
		D220E8CE2C6B15AA00C3E350 /* GFAvatarImageView.swift in Sources */ = {isa = PBXBuildFile; fileRef = D220E8CD2C6B15AA00C3E350 /* GFAvatarImageView.swift */; };
		D2265B182C6F0E0900037254 /* UserInfoVC.swift in Sources */ = {isa = PBXBuildFile; fileRef = D2265B172C6F0E0900037254 /* UserInfoVC.swift */; };
		D2265B1A2C6F1B1A00037254 /* GFError.swift in Sources */ = {isa = PBXBuildFile; fileRef = D2265B192C6F1B1A00037254 /* GFError.swift */; };
		D2265B1C2C6F2AFE00037254 /* GFUserInfoHeaderVC.swift in Sources */ = {isa = PBXBuildFile; fileRef = D2265B1B2C6F2AFE00037254 /* GFUserInfoHeaderVC.swift */; };
		D2265B1E2C6F2B8700037254 /* GFSecondaryTitleLabel.swift in Sources */ = {isa = PBXBuildFile; fileRef = D2265B1D2C6F2B8700037254 /* GFSecondaryTitleLabel.swift */; };
		D2265B202C6F34C900037254 /* Constants.swift in Sources */ = {isa = PBXBuildFile; fileRef = D2265B1F2C6F34C900037254 /* Constants.swift */; };
		D23BA2FB2C6DEDFF00F20C30 /* GFEmptyStateView.swift in Sources */ = {isa = PBXBuildFile; fileRef = D23BA2FA2C6DEDFF00F20C30 /* GFEmptyStateView.swift */; };
		D24BD9302C6C67C6002970C1 /* UIHelper.swift in Sources */ = {isa = PBXBuildFile; fileRef = D24BD92F2C6C67C6002970C1 /* UIHelper.swift */; };
		D25138542C64B2B200D12CB6 /* GFTitleLabel.swift in Sources */ = {isa = PBXBuildFile; fileRef = D25138532C64B2B200D12CB6 /* GFTitleLabel.swift */; };
		D25138562C64B4AD00D12CB6 /* GFBodyLabel.swift in Sources */ = {isa = PBXBuildFile; fileRef = D25138552C64B4AD00D12CB6 /* GFBodyLabel.swift */; };
		D25138582C64B66D00D12CB6 /* GFAlertVC.swift in Sources */ = {isa = PBXBuildFile; fileRef = D25138572C64B66D00D12CB6 /* GFAlertVC.swift */; };
		D251385A2C64C60900D12CB6 /* UIViewController+Ext.swift in Sources */ = {isa = PBXBuildFile; fileRef = D25138592C64C60900D12CB6 /* UIViewController+Ext.swift */; };
		D2BF35072C78BD2A007F0D0E /* FavoriteCell.swift in Sources */ = {isa = PBXBuildFile; fileRef = D2BF35062C78BD2A007F0D0E /* FavoriteCell.swift */; };
		D2C60E3B2C63520F00F6C29A /* FollowerListVC.swift in Sources */ = {isa = PBXBuildFile; fileRef = D2C60E3A2C63520F00F6C29A /* FollowerListVC.swift */; };
		D2D341C02C4F8AB2005EB44A /* SearchVC.swift in Sources */ = {isa = PBXBuildFile; fileRef = D2D341BF2C4F8AB2005EB44A /* SearchVC.swift */; };
		D2D341C22C4F8B05005EB44A /* FavoritesListVC.swift in Sources */ = {isa = PBXBuildFile; fileRef = D2D341C12C4F8B05005EB44A /* FavoritesListVC.swift */; };
		D2D341C42C4F95C5005EB44A /* GFButton.swift in Sources */ = {isa = PBXBuildFile; fileRef = D2D341C32C4F95C5005EB44A /* GFButton.swift */; };
		D2D341C62C4F9D17005EB44A /* GFTextField.swift in Sources */ = {isa = PBXBuildFile; fileRef = D2D341C52C4F9D17005EB44A /* GFTextField.swift */; };
		D2E0D81F2C65F1DA00A25954 /* Follower.swift in Sources */ = {isa = PBXBuildFile; fileRef = D2E0D81E2C65F1DA00A25954 /* Follower.swift */; };
		D2E0D8212C65F2FF00A25954 /* User.swift in Sources */ = {isa = PBXBuildFile; fileRef = D2E0D8202C65F2FF00A25954 /* User.swift */; };
		D2E0D8242C65FA5D00A25954 /* NetworkManager.swift in Sources */ = {isa = PBXBuildFile; fileRef = D2E0D8232C65FA5D00A25954 /* NetworkManager.swift */; };
		D2EA1BB02C74CC6F004D2589 /* GFItemInfoView.swift in Sources */ = {isa = PBXBuildFile; fileRef = D2EA1BAF2C74CC6F004D2589 /* GFItemInfoView.swift */; };
		D2EA1BB22C74D38E004D2589 /* GFItemInfoVC.swift in Sources */ = {isa = PBXBuildFile; fileRef = D2EA1BB12C74D38E004D2589 /* GFItemInfoVC.swift */; };
		D2EA1BB42C74D806004D2589 /* GFRepoItemVC.swift in Sources */ = {isa = PBXBuildFile; fileRef = D2EA1BB32C74D806004D2589 /* GFRepoItemVC.swift */; };
		D2EA1BB62C74DACA004D2589 /* GFFollowerItemVC.swift in Sources */ = {isa = PBXBuildFile; fileRef = D2EA1BB52C74DACA004D2589 /* GFFollowerItemVC.swift */; };
		D2F327D52C77676200C56439 /* PersistanceManager.swift in Sources */ = {isa = PBXBuildFile; fileRef = D2F327D42C77676200C56439 /* PersistanceManager.swift */; };
		D2F9AC492C4A80E600C63D71 /* AppDelegate.swift in Sources */ = {isa = PBXBuildFile; fileRef = D2F9AC482C4A80E600C63D71 /* AppDelegate.swift */; };
		D2F9AC4B2C4A80E600C63D71 /* SceneDelegate.swift in Sources */ = {isa = PBXBuildFile; fileRef = D2F9AC4A2C4A80E600C63D71 /* SceneDelegate.swift */; };
		D2F9AC522C4A80E700C63D71 /* Assets.xcassets in Resources */ = {isa = PBXBuildFile; fileRef = D2F9AC512C4A80E700C63D71 /* Assets.xcassets */; };
		D2F9AC552C4A80E700C63D71 /* Base in Resources */ = {isa = PBXBuildFile; fileRef = D2F9AC542C4A80E700C63D71 /* Base */; };
/* End PBXBuildFile section */

/* Begin PBXFileReference section */
		D204C0B52C76136700C7B221 /* Date+Ext.swift */ = {isa = PBXFileReference; lastKnownFileType = sourcecode.swift; path = "Date+Ext.swift"; sourceTree = "<group>"; };
		D204C0B72C7613B000C7B221 /* String+Ext.swift */ = {isa = PBXFileReference; lastKnownFileType = sourcecode.swift; path = "String+Ext.swift"; sourceTree = "<group>"; };
		D220E8CB2C6B14DA00C3E350 /* FollowerCell.swift */ = {isa = PBXFileReference; lastKnownFileType = sourcecode.swift; path = FollowerCell.swift; sourceTree = "<group>"; };
		D220E8CD2C6B15AA00C3E350 /* GFAvatarImageView.swift */ = {isa = PBXFileReference; lastKnownFileType = sourcecode.swift; path = GFAvatarImageView.swift; sourceTree = "<group>"; };
		D2265B172C6F0E0900037254 /* UserInfoVC.swift */ = {isa = PBXFileReference; lastKnownFileType = sourcecode.swift; path = UserInfoVC.swift; sourceTree = "<group>"; };
		D2265B192C6F1B1A00037254 /* GFError.swift */ = {isa = PBXFileReference; lastKnownFileType = sourcecode.swift; path = GFError.swift; sourceTree = "<group>"; };
		D2265B1B2C6F2AFE00037254 /* GFUserInfoHeaderVC.swift */ = {isa = PBXFileReference; lastKnownFileType = sourcecode.swift; path = GFUserInfoHeaderVC.swift; sourceTree = "<group>"; };
		D2265B1D2C6F2B8700037254 /* GFSecondaryTitleLabel.swift */ = {isa = PBXFileReference; lastKnownFileType = sourcecode.swift; path = GFSecondaryTitleLabel.swift; sourceTree = "<group>"; };
		D2265B1F2C6F34C900037254 /* Constants.swift */ = {isa = PBXFileReference; lastKnownFileType = sourcecode.swift; path = Constants.swift; sourceTree = "<group>"; };
		D23BA2FA2C6DEDFF00F20C30 /* GFEmptyStateView.swift */ = {isa = PBXFileReference; lastKnownFileType = sourcecode.swift; path = GFEmptyStateView.swift; sourceTree = "<group>"; };
		D24BD92F2C6C67C6002970C1 /* UIHelper.swift */ = {isa = PBXFileReference; lastKnownFileType = sourcecode.swift; path = UIHelper.swift; sourceTree = "<group>"; };
		D25138532C64B2B200D12CB6 /* GFTitleLabel.swift */ = {isa = PBXFileReference; lastKnownFileType = sourcecode.swift; path = GFTitleLabel.swift; sourceTree = "<group>"; };
		D25138552C64B4AD00D12CB6 /* GFBodyLabel.swift */ = {isa = PBXFileReference; lastKnownFileType = sourcecode.swift; path = GFBodyLabel.swift; sourceTree = "<group>"; };
		D25138572C64B66D00D12CB6 /* GFAlertVC.swift */ = {isa = PBXFileReference; lastKnownFileType = sourcecode.swift; path = GFAlertVC.swift; sourceTree = "<group>"; };
		D25138592C64C60900D12CB6 /* UIViewController+Ext.swift */ = {isa = PBXFileReference; lastKnownFileType = sourcecode.swift; path = "UIViewController+Ext.swift"; sourceTree = "<group>"; };
		D2BF35062C78BD2A007F0D0E /* FavoriteCell.swift */ = {isa = PBXFileReference; lastKnownFileType = sourcecode.swift; path = FavoriteCell.swift; sourceTree = "<group>"; };
		D2C60E3A2C63520F00F6C29A /* FollowerListVC.swift */ = {isa = PBXFileReference; lastKnownFileType = sourcecode.swift; path = FollowerListVC.swift; sourceTree = "<group>"; };
		D2D341BF2C4F8AB2005EB44A /* SearchVC.swift */ = {isa = PBXFileReference; lastKnownFileType = sourcecode.swift; path = SearchVC.swift; sourceTree = "<group>"; };
		D2D341C12C4F8B05005EB44A /* FavoritesListVC.swift */ = {isa = PBXFileReference; lastKnownFileType = sourcecode.swift; path = FavoritesListVC.swift; sourceTree = "<group>"; };
		D2D341C32C4F95C5005EB44A /* GFButton.swift */ = {isa = PBXFileReference; lastKnownFileType = sourcecode.swift; path = GFButton.swift; sourceTree = "<group>"; };
		D2D341C52C4F9D17005EB44A /* GFTextField.swift */ = {isa = PBXFileReference; lastKnownFileType = sourcecode.swift; path = GFTextField.swift; sourceTree = "<group>"; };
		D2E0D81E2C65F1DA00A25954 /* Follower.swift */ = {isa = PBXFileReference; lastKnownFileType = sourcecode.swift; path = Follower.swift; sourceTree = "<group>"; };
		D2E0D8202C65F2FF00A25954 /* User.swift */ = {isa = PBXFileReference; lastKnownFileType = sourcecode.swift; path = User.swift; sourceTree = "<group>"; };
		D2E0D8232C65FA5D00A25954 /* NetworkManager.swift */ = {isa = PBXFileReference; lastKnownFileType = sourcecode.swift; path = NetworkManager.swift; sourceTree = "<group>"; };
		D2EA1BAF2C74CC6F004D2589 /* GFItemInfoView.swift */ = {isa = PBXFileReference; lastKnownFileType = sourcecode.swift; path = GFItemInfoView.swift; sourceTree = "<group>"; };
		D2EA1BB12C74D38E004D2589 /* GFItemInfoVC.swift */ = {isa = PBXFileReference; lastKnownFileType = sourcecode.swift; path = GFItemInfoVC.swift; sourceTree = "<group>"; };
		D2EA1BB32C74D806004D2589 /* GFRepoItemVC.swift */ = {isa = PBXFileReference; lastKnownFileType = sourcecode.swift; path = GFRepoItemVC.swift; sourceTree = "<group>"; };
		D2EA1BB52C74DACA004D2589 /* GFFollowerItemVC.swift */ = {isa = PBXFileReference; lastKnownFileType = sourcecode.swift; path = GFFollowerItemVC.swift; sourceTree = "<group>"; };
		D2F327D42C77676200C56439 /* PersistanceManager.swift */ = {isa = PBXFileReference; lastKnownFileType = sourcecode.swift; path = PersistanceManager.swift; sourceTree = "<group>"; };
		D2F9AC452C4A80E600C63D71 /* GFFollowers.app */ = {isa = PBXFileReference; explicitFileType = wrapper.application; includeInIndex = 0; path = GFFollowers.app; sourceTree = BUILT_PRODUCTS_DIR; };
		D2F9AC482C4A80E600C63D71 /* AppDelegate.swift */ = {isa = PBXFileReference; lastKnownFileType = sourcecode.swift; path = AppDelegate.swift; sourceTree = "<group>"; };
		D2F9AC4A2C4A80E600C63D71 /* SceneDelegate.swift */ = {isa = PBXFileReference; lastKnownFileType = sourcecode.swift; path = SceneDelegate.swift; sourceTree = "<group>"; };
		D2F9AC512C4A80E700C63D71 /* Assets.xcassets */ = {isa = PBXFileReference; lastKnownFileType = folder.assetcatalog; path = Assets.xcassets; sourceTree = "<group>"; };
		D2F9AC542C4A80E700C63D71 /* Base */ = {isa = PBXFileReference; lastKnownFileType = file.storyboard; name = Base; path = Base.lproj/LaunchScreen.storyboard; sourceTree = "<group>"; };
		D2F9AC562C4A80E700C63D71 /* Info.plist */ = {isa = PBXFileReference; lastKnownFileType = text.plist.xml; path = Info.plist; sourceTree = "<group>"; };
/* End PBXFileReference section */

/* Begin PBXFrameworksBuildPhase section */
		D2F9AC422C4A80E600C63D71 /* Frameworks */ = {
			isa = PBXFrameworksBuildPhase;
			buildActionMask = 2147483647;
			files = (
			);
			runOnlyForDeploymentPostprocessing = 0;
		};
/* End PBXFrameworksBuildPhase section */

/* Begin PBXGroup section */
		D220E8CA2C6B148000C3E350 /* Cells */ = {
			isa = PBXGroup;
			children = (
				D220E8CB2C6B14DA00C3E350 /* FollowerCell.swift */,
				D2BF35062C78BD2A007F0D0E /* FavoriteCell.swift */,
			);
			path = Cells;
			sourceTree = "<group>";
		};
		D23BA2F42C6DED3000F20C30 /* Views */ = {
			isa = PBXGroup;
			children = (
				D23BA2FA2C6DEDFF00F20C30 /* GFEmptyStateView.swift */,
				D2EA1BAF2C74CC6F004D2589 /* GFItemInfoView.swift */,
			);
			path = Views;
			sourceTree = "<group>";
		};
		D23BA2F52C6DED3A00F20C30 /* Buttons */ = {
			isa = PBXGroup;
			children = (
				D2D341C32C4F95C5005EB44A /* GFButton.swift */,
			);
			path = Buttons;
			sourceTree = "<group>";
		};
		D23BA2F62C6DED4000F20C30 /* TextFields */ = {
			isa = PBXGroup;
			children = (
				D2D341C52C4F9D17005EB44A /* GFTextField.swift */,
			);
			path = TextFields;
			sourceTree = "<group>";
		};
		D23BA2F72C6DED4E00F20C30 /* ImageViews */ = {
			isa = PBXGroup;
			children = (
				D220E8CD2C6B15AA00C3E350 /* GFAvatarImageView.swift */,
			);
			path = ImageViews;
			sourceTree = "<group>";
		};
		D23BA2F82C6DED5700F20C30 /* ViewControllers */ = {
			isa = PBXGroup;
			children = (
				D2EA1BB72C74DB45004D2589 /* ItemInfoVC */,
				D25138572C64B66D00D12CB6 /* GFAlertVC.swift */,
				D2265B1B2C6F2AFE00037254 /* GFUserInfoHeaderVC.swift */,
			);
			path = ViewControllers;
			sourceTree = "<group>";
		};
		D23BA2F92C6DED8000F20C30 /* Labels */ = {
			isa = PBXGroup;
			children = (
				D25138552C64B4AD00D12CB6 /* GFBodyLabel.swift */,
				D25138532C64B2B200D12CB6 /* GFTitleLabel.swift */,
				D2265B1D2C6F2B8700037254 /* GFSecondaryTitleLabel.swift */,
			);
			path = Labels;
			sourceTree = "<group>";
		};
		D251385B2C64CA4A00D12CB6 /* Screens */ = {
			isa = PBXGroup;
			children = (
				D2D341BF2C4F8AB2005EB44A /* SearchVC.swift */,
				D2C60E3A2C63520F00F6C29A /* FollowerListVC.swift */,
				D2D341C12C4F8B05005EB44A /* FavoritesListVC.swift */,
				D2265B172C6F0E0900037254 /* UserInfoVC.swift */,
			);
			path = Screens;
			sourceTree = "<group>";
		};
		D251385C2C64CAB200D12CB6 /* Custom Views */ = {
			isa = PBXGroup;
			children = (
				D23BA2F92C6DED8000F20C30 /* Labels */,
				D23BA2F82C6DED5700F20C30 /* ViewControllers */,
				D23BA2F72C6DED4E00F20C30 /* ImageViews */,
				D23BA2F62C6DED4000F20C30 /* TextFields */,
				D23BA2F52C6DED3A00F20C30 /* Buttons */,
				D23BA2F42C6DED3000F20C30 /* Views */,
				D220E8CA2C6B148000C3E350 /* Cells */,
			);
			path = "Custom Views";
			sourceTree = "<group>";
		};
		D251385D2C64CB0B00D12CB6 /* Extensions */ = {
			isa = PBXGroup;
			children = (
				D25138592C64C60900D12CB6 /* UIViewController+Ext.swift */,
				D204C0B52C76136700C7B221 /* Date+Ext.swift */,
				D204C0B72C7613B000C7B221 /* String+Ext.swift */,
			);
			path = Extensions;
			sourceTree = "<group>";
		};
		D251385E2C64CB7600D12CB6 /* Support */ = {
			isa = PBXGroup;
			children = (
				D2F9AC482C4A80E600C63D71 /* AppDelegate.swift */,
				D2F9AC4A2C4A80E600C63D71 /* SceneDelegate.swift */,
				D2F9AC532C4A80E700C63D71 /* LaunchScreen.storyboard */,
				D2F9AC512C4A80E700C63D71 /* Assets.xcassets */,
			);
			path = Support;
			sourceTree = "<group>";
		};
		D2E0D81D2C65F1B100A25954 /* Model */ = {
			isa = PBXGroup;
			children = (
				D2E0D81E2C65F1DA00A25954 /* Follower.swift */,
				D2E0D8202C65F2FF00A25954 /* User.swift */,
			);
			path = Model;
			sourceTree = "<group>";
		};
		D2E0D8222C65FA3C00A25954 /* Managers */ = {
			isa = PBXGroup;
			children = (
				D2E0D8232C65FA5D00A25954 /* NetworkManager.swift */,
				D2F327D42C77676200C56439 /* PersistanceManager.swift */,
			);
			path = Managers;
			sourceTree = "<group>";
		};
		D2E0D8252C660E7000A25954 /* Utilities */ = {
			isa = PBXGroup;
			children = (
				D24BD92F2C6C67C6002970C1 /* UIHelper.swift */,
				D2265B192C6F1B1A00037254 /* GFError.swift */,
				D2265B1F2C6F34C900037254 /* Constants.swift */,
			);
			path = Utilities;
			sourceTree = "<group>";
		};
		D2EA1BB72C74DB45004D2589 /* ItemInfoVC */ = {
			isa = PBXGroup;
			children = (
				D2EA1BB12C74D38E004D2589 /* GFItemInfoVC.swift */,
				D2EA1BB32C74D806004D2589 /* GFRepoItemVC.swift */,
				D2EA1BB52C74DACA004D2589 /* GFFollowerItemVC.swift */,
			);
			path = ItemInfoVC;
			sourceTree = "<group>";
		};
		D2F9AC3C2C4A80E600C63D71 = {
			isa = PBXGroup;
			children = (
				D2F9AC472C4A80E600C63D71 /* GFFollowers */,
				D2F9AC462C4A80E600C63D71 /* Products */,
			);
			sourceTree = "<group>";
		};
		D2F9AC462C4A80E600C63D71 /* Products */ = {
			isa = PBXGroup;
			children = (
				D2F9AC452C4A80E600C63D71 /* GFFollowers.app */,
			);
			name = Products;
			sourceTree = "<group>";
		};
		D2F9AC472C4A80E600C63D71 /* GFFollowers */ = {
			isa = PBXGroup;
			children = (
				D2E0D8252C660E7000A25954 /* Utilities */,
				D2E0D8222C65FA3C00A25954 /* Managers */,
				D2E0D81D2C65F1B100A25954 /* Model */,
				D251385D2C64CB0B00D12CB6 /* Extensions */,
				D251385C2C64CAB200D12CB6 /* Custom Views */,
				D251385B2C64CA4A00D12CB6 /* Screens */,
				D251385E2C64CB7600D12CB6 /* Support */,
				D2F9AC562C4A80E700C63D71 /* Info.plist */,
			);
			path = GFFollowers;
			sourceTree = "<group>";
		};
/* End PBXGroup section */

/* Begin PBXNativeTarget section */
		D2F9AC442C4A80E600C63D71 /* GFFollowers */ = {
			isa = PBXNativeTarget;
			buildConfigurationList = D2F9AC592C4A80E700C63D71 /* Build configuration list for PBXNativeTarget "GFFollowers" */;
			buildPhases = (
				D2F9AC412C4A80E600C63D71 /* Sources */,
				D2F9AC422C4A80E600C63D71 /* Frameworks */,
				D2F9AC432C4A80E600C63D71 /* Resources */,
			);
			buildRules = (
			);
			dependencies = (
			);
			name = GFFollowers;
			productName = GFFollowers;
			productReference = D2F9AC452C4A80E600C63D71 /* GFFollowers.app */;
			productType = "com.apple.product-type.application";
		};
/* End PBXNativeTarget section */

/* Begin PBXProject section */
		D2F9AC3D2C4A80E600C63D71 /* Project object */ = {
			isa = PBXProject;
			attributes = {
				BuildIndependentTargetsInParallel = 1;
				LastSwiftUpdateCheck = 1540;
				LastUpgradeCheck = 1540;
				TargetAttributes = {
					D2F9AC442C4A80E600C63D71 = {
						CreatedOnToolsVersion = 15.4;
					};
				};
			};
			buildConfigurationList = D2F9AC402C4A80E600C63D71 /* Build configuration list for PBXProject "GFFollowers" */;
			compatibilityVersion = "Xcode 14.0";
			developmentRegion = en;
			hasScannedForEncodings = 0;
			knownRegions = (
				en,
				Base,
			);
			mainGroup = D2F9AC3C2C4A80E600C63D71;
			productRefGroup = D2F9AC462C4A80E600C63D71 /* Products */;
			projectDirPath = "";
			projectRoot = "";
			targets = (
				D2F9AC442C4A80E600C63D71 /* GFFollowers */,
			);
		};
/* End PBXProject section */

/* Begin PBXResourcesBuildPhase section */
		D2F9AC432C4A80E600C63D71 /* Resources */ = {
			isa = PBXResourcesBuildPhase;
			buildActionMask = 2147483647;
			files = (
				D2F9AC522C4A80E700C63D71 /* Assets.xcassets in Resources */,
				D2F9AC552C4A80E700C63D71 /* Base in Resources */,
			);
			runOnlyForDeploymentPostprocessing = 0;
		};
/* End PBXResourcesBuildPhase section */

/* Begin PBXSourcesBuildPhase section */
		D2F9AC412C4A80E600C63D71 /* Sources */ = {
			isa = PBXSourcesBuildPhase;
			buildActionMask = 2147483647;
			files = (
				D2E0D8212C65F2FF00A25954 /* User.swift in Sources */,
				D2D341C62C4F9D17005EB44A /* GFTextField.swift in Sources */,
				D2D341C22C4F8B05005EB44A /* FavoritesListVC.swift in Sources */,
				D204C0B82C7613B000C7B221 /* String+Ext.swift in Sources */,
				D2D341C42C4F95C5005EB44A /* GFButton.swift in Sources */,
				D251385A2C64C60900D12CB6 /* UIViewController+Ext.swift in Sources */,
				D24BD9302C6C67C6002970C1 /* UIHelper.swift in Sources */,
				D2EA1BB22C74D38E004D2589 /* GFItemInfoVC.swift in Sources */,
				D2265B202C6F34C900037254 /* Constants.swift in Sources */,
				D220E8CE2C6B15AA00C3E350 /* GFAvatarImageView.swift in Sources */,
				D2D341C02C4F8AB2005EB44A /* SearchVC.swift in Sources */,
				D25138582C64B66D00D12CB6 /* GFAlertVC.swift in Sources */,
				D2EA1BB62C74DACA004D2589 /* GFFollowerItemVC.swift in Sources */,
				D2EA1BB02C74CC6F004D2589 /* GFItemInfoView.swift in Sources */,
				D2BF35072C78BD2A007F0D0E /* FavoriteCell.swift in Sources */,
				D220E8CC2C6B14DA00C3E350 /* FollowerCell.swift in Sources */,
				D2F327D52C77676200C56439 /* PersistanceManager.swift in Sources */,
				D25138562C64B4AD00D12CB6 /* GFBodyLabel.swift in Sources */,
				D2265B1C2C6F2AFE00037254 /* GFUserInfoHeaderVC.swift in Sources */,
				D2265B1A2C6F1B1A00037254 /* GFError.swift in Sources */,
				D2E0D81F2C65F1DA00A25954 /* Follower.swift in Sources */,
				D25138542C64B2B200D12CB6 /* GFTitleLabel.swift in Sources */,
				D204C0B62C76136700C7B221 /* Date+Ext.swift in Sources */,
				D2265B1E2C6F2B8700037254 /* GFSecondaryTitleLabel.swift in Sources */,
				D23BA2FB2C6DEDFF00F20C30 /* GFEmptyStateView.swift in Sources */,
				D2E0D8242C65FA5D00A25954 /* NetworkManager.swift in Sources */,
				D2C60E3B2C63520F00F6C29A /* FollowerListVC.swift in Sources */,
				D2F9AC492C4A80E600C63D71 /* AppDelegate.swift in Sources */,
				D2F9AC4B2C4A80E600C63D71 /* SceneDelegate.swift in Sources */,
				D2EA1BB42C74D806004D2589 /* GFRepoItemVC.swift in Sources */,
				D2265B182C6F0E0900037254 /* UserInfoVC.swift in Sources */,
			);
			runOnlyForDeploymentPostprocessing = 0;
		};
/* End PBXSourcesBuildPhase section */

/* Begin PBXVariantGroup section */
		D2F9AC532C4A80E700C63D71 /* LaunchScreen.storyboard */ = {
			isa = PBXVariantGroup;
			children = (
				D2F9AC542C4A80E700C63D71 /* Base */,
			);
			name = LaunchScreen.storyboard;
			sourceTree = "<group>";
		};
/* End PBXVariantGroup section */

/* Begin XCBuildConfiguration section */
		D2F9AC572C4A80E700C63D71 /* Debug */ = {
			isa = XCBuildConfiguration;
			buildSettings = {
				ALWAYS_SEARCH_USER_PATHS = NO;
				ASSETCATALOG_COMPILER_GENERATE_SWIFT_ASSET_SYMBOL_EXTENSIONS = YES;
				CLANG_ANALYZER_NONNULL = YES;
				CLANG_ANALYZER_NUMBER_OBJECT_CONVERSION = YES_AGGRESSIVE;
				CLANG_CXX_LANGUAGE_STANDARD = "gnu++20";
				CLANG_ENABLE_MODULES = YES;
				CLANG_ENABLE_OBJC_ARC = YES;
				CLANG_ENABLE_OBJC_WEAK = YES;
				CLANG_WARN_BLOCK_CAPTURE_AUTORELEASING = YES;
				CLANG_WARN_BOOL_CONVERSION = YES;
				CLANG_WARN_COMMA = YES;
				CLANG_WARN_CONSTANT_CONVERSION = YES;
				CLANG_WARN_DEPRECATED_OBJC_IMPLEMENTATIONS = YES;
				CLANG_WARN_DIRECT_OBJC_ISA_USAGE = YES_ERROR;
				CLANG_WARN_DOCUMENTATION_COMMENTS = YES;
				CLANG_WARN_EMPTY_BODY = YES;
				CLANG_WARN_ENUM_CONVERSION = YES;
				CLANG_WARN_INFINITE_RECURSION = YES;
				CLANG_WARN_INT_CONVERSION = YES;
				CLANG_WARN_NON_LITERAL_NULL_CONVERSION = YES;
				CLANG_WARN_OBJC_IMPLICIT_RETAIN_SELF = YES;
				CLANG_WARN_OBJC_LITERAL_CONVERSION = YES;
				CLANG_WARN_OBJC_ROOT_CLASS = YES_ERROR;
				CLANG_WARN_QUOTED_INCLUDE_IN_FRAMEWORK_HEADER = YES;
				CLANG_WARN_RANGE_LOOP_ANALYSIS = YES;
				CLANG_WARN_STRICT_PROTOTYPES = YES;
				CLANG_WARN_SUSPICIOUS_MOVE = YES;
				CLANG_WARN_UNGUARDED_AVAILABILITY = YES_AGGRESSIVE;
				CLANG_WARN_UNREACHABLE_CODE = YES;
				CLANG_WARN__DUPLICATE_METHOD_MATCH = YES;
				COPY_PHASE_STRIP = NO;
				DEBUG_INFORMATION_FORMAT = dwarf;
				ENABLE_STRICT_OBJC_MSGSEND = YES;
				ENABLE_TESTABILITY = YES;
				ENABLE_USER_SCRIPT_SANDBOXING = YES;
				GCC_C_LANGUAGE_STANDARD = gnu17;
				GCC_DYNAMIC_NO_PIC = NO;
				GCC_NO_COMMON_BLOCKS = YES;
				GCC_OPTIMIZATION_LEVEL = 0;
				GCC_PREPROCESSOR_DEFINITIONS = (
					"DEBUG=1",
					"$(inherited)",
				);
				GCC_WARN_64_TO_32_BIT_CONVERSION = YES;
				GCC_WARN_ABOUT_RETURN_TYPE = YES_ERROR;
				GCC_WARN_UNDECLARED_SELECTOR = YES;
				GCC_WARN_UNINITIALIZED_AUTOS = YES_AGGRESSIVE;
				GCC_WARN_UNUSED_FUNCTION = YES;
				GCC_WARN_UNUSED_VARIABLE = YES;
				IPHONEOS_DEPLOYMENT_TARGET = 17.5;
				LOCALIZATION_PREFERS_STRING_CATALOGS = YES;
				MTL_ENABLE_DEBUG_INFO = INCLUDE_SOURCE;
				MTL_FAST_MATH = YES;
				ONLY_ACTIVE_ARCH = YES;
				SDKROOT = iphoneos;
				SWIFT_ACTIVE_COMPILATION_CONDITIONS = "DEBUG $(inherited)";
				SWIFT_OPTIMIZATION_LEVEL = "-Onone";
			};
			name = Debug;
		};
		D2F9AC582C4A80E700C63D71 /* Release */ = {
			isa = XCBuildConfiguration;
			buildSettings = {
				ALWAYS_SEARCH_USER_PATHS = NO;
				ASSETCATALOG_COMPILER_GENERATE_SWIFT_ASSET_SYMBOL_EXTENSIONS = YES;
				CLANG_ANALYZER_NONNULL = YES;
				CLANG_ANALYZER_NUMBER_OBJECT_CONVERSION = YES_AGGRESSIVE;
				CLANG_CXX_LANGUAGE_STANDARD = "gnu++20";
				CLANG_ENABLE_MODULES = YES;
				CLANG_ENABLE_OBJC_ARC = YES;
				CLANG_ENABLE_OBJC_WEAK = YES;
				CLANG_WARN_BLOCK_CAPTURE_AUTORELEASING = YES;
				CLANG_WARN_BOOL_CONVERSION = YES;
				CLANG_WARN_COMMA = YES;
				CLANG_WARN_CONSTANT_CONVERSION = YES;
				CLANG_WARN_DEPRECATED_OBJC_IMPLEMENTATIONS = YES;
				CLANG_WARN_DIRECT_OBJC_ISA_USAGE = YES_ERROR;
				CLANG_WARN_DOCUMENTATION_COMMENTS = YES;
				CLANG_WARN_EMPTY_BODY = YES;
				CLANG_WARN_ENUM_CONVERSION = YES;
				CLANG_WARN_INFINITE_RECURSION = YES;
				CLANG_WARN_INT_CONVERSION = YES;
				CLANG_WARN_NON_LITERAL_NULL_CONVERSION = YES;
				CLANG_WARN_OBJC_IMPLICIT_RETAIN_SELF = YES;
				CLANG_WARN_OBJC_LITERAL_CONVERSION = YES;
				CLANG_WARN_OBJC_ROOT_CLASS = YES_ERROR;
				CLANG_WARN_QUOTED_INCLUDE_IN_FRAMEWORK_HEADER = YES;
				CLANG_WARN_RANGE_LOOP_ANALYSIS = YES;
				CLANG_WARN_STRICT_PROTOTYPES = YES;
				CLANG_WARN_SUSPICIOUS_MOVE = YES;
				CLANG_WARN_UNGUARDED_AVAILABILITY = YES_AGGRESSIVE;
				CLANG_WARN_UNREACHABLE_CODE = YES;
				CLANG_WARN__DUPLICATE_METHOD_MATCH = YES;
				COPY_PHASE_STRIP = NO;
				DEBUG_INFORMATION_FORMAT = "dwarf-with-dsym";
				ENABLE_NS_ASSERTIONS = NO;
				ENABLE_STRICT_OBJC_MSGSEND = YES;
				ENABLE_USER_SCRIPT_SANDBOXING = YES;
				GCC_C_LANGUAGE_STANDARD = gnu17;
				GCC_NO_COMMON_BLOCKS = YES;
				GCC_WARN_64_TO_32_BIT_CONVERSION = YES;
				GCC_WARN_ABOUT_RETURN_TYPE = YES_ERROR;
				GCC_WARN_UNDECLARED_SELECTOR = YES;
				GCC_WARN_UNINITIALIZED_AUTOS = YES_AGGRESSIVE;
				GCC_WARN_UNUSED_FUNCTION = YES;
				GCC_WARN_UNUSED_VARIABLE = YES;
				IPHONEOS_DEPLOYMENT_TARGET = 17.5;
				LOCALIZATION_PREFERS_STRING_CATALOGS = YES;
				MTL_ENABLE_DEBUG_INFO = NO;
				MTL_FAST_MATH = YES;
				SDKROOT = iphoneos;
				SWIFT_COMPILATION_MODE = wholemodule;
				VALIDATE_PRODUCT = YES;
			};
			name = Release;
		};
		D2F9AC5A2C4A80E700C63D71 /* Debug */ = {
			isa = XCBuildConfiguration;
			buildSettings = {
				ASSETCATALOG_COMPILER_APPICON_NAME = AppIcon;
				ASSETCATALOG_COMPILER_GLOBAL_ACCENT_COLOR_NAME = AccentColor;
				CODE_SIGN_STYLE = Automatic;
				CURRENT_PROJECT_VERSION = 1;
				DEVELOPMENT_TEAM = XN5X7VFVPX;
				GENERATE_INFOPLIST_FILE = YES;
				INFOPLIST_FILE = GFFollowers/Info.plist;
				INFOPLIST_KEY_UIApplicationSupportsIndirectInputEvents = YES;
				INFOPLIST_KEY_UILaunchStoryboardName = LaunchScreen;
				INFOPLIST_KEY_UIStatusBarStyle = "";
				INFOPLIST_KEY_UISupportedInterfaceOrientations = UIInterfaceOrientationPortrait;
				INFOPLIST_KEY_UISupportedInterfaceOrientations_iPad = "UIInterfaceOrientationPortrait UIInterfaceOrientationPortraitUpsideDown";
				LD_RUNPATH_SEARCH_PATHS = (
					"$(inherited)",
					"@executable_path/Frameworks",
				);
				MARKETING_VERSION = 1.0;
				PRODUCT_BUNDLE_IDENTIFIER = kr.magne.GFFollowers;
				PRODUCT_NAME = "$(TARGET_NAME)";
				SWIFT_EMIT_LOC_STRINGS = YES;
				SWIFT_VERSION = 5.0;
				TARGETED_DEVICE_FAMILY = "1,2";
			};
			name = Debug;
		};
		D2F9AC5B2C4A80E700C63D71 /* Release */ = {
			isa = XCBuildConfiguration;
			buildSettings = {
				ASSETCATALOG_COMPILER_APPICON_NAME = AppIcon;
				ASSETCATALOG_COMPILER_GLOBAL_ACCENT_COLOR_NAME = AccentColor;
				CODE_SIGN_STYLE = Automatic;
				CURRENT_PROJECT_VERSION = 1;
				DEVELOPMENT_TEAM = XN5X7VFVPX;
				GENERATE_INFOPLIST_FILE = YES;
				INFOPLIST_FILE = GFFollowers/Info.plist;
				INFOPLIST_KEY_UIApplicationSupportsIndirectInputEvents = YES;
				INFOPLIST_KEY_UILaunchStoryboardName = LaunchScreen;
				INFOPLIST_KEY_UIStatusBarStyle = "";
				INFOPLIST_KEY_UISupportedInterfaceOrientations = UIInterfaceOrientationPortrait;
				INFOPLIST_KEY_UISupportedInterfaceOrientations_iPad = "UIInterfaceOrientationPortrait UIInterfaceOrientationPortraitUpsideDown";
				LD_RUNPATH_SEARCH_PATHS = (
					"$(inherited)",
					"@executable_path/Frameworks",
				);
				MARKETING_VERSION = 1.0;
				PRODUCT_BUNDLE_IDENTIFIER = kr.magne.GFFollowers;
				PRODUCT_NAME = "$(TARGET_NAME)";
				SWIFT_EMIT_LOC_STRINGS = YES;
				SWIFT_VERSION = 5.0;
				TARGETED_DEVICE_FAMILY = "1,2";
			};
			name = Release;
		};
/* End XCBuildConfiguration section */

/* Begin XCConfigurationList section */
		D2F9AC402C4A80E600C63D71 /* Build configuration list for PBXProject "GFFollowers" */ = {
			isa = XCConfigurationList;
			buildConfigurations = (
				D2F9AC572C4A80E700C63D71 /* Debug */,
				D2F9AC582C4A80E700C63D71 /* Release */,
			);
			defaultConfigurationIsVisible = 0;
			defaultConfigurationName = Release;
		};
		D2F9AC592C4A80E700C63D71 /* Build configuration list for PBXNativeTarget "GFFollowers" */ = {
			isa = XCConfigurationList;
			buildConfigurations = (
				D2F9AC5A2C4A80E700C63D71 /* Debug */,
				D2F9AC5B2C4A80E700C63D71 /* Release */,
			);
			defaultConfigurationIsVisible = 0;
			defaultConfigurationName = Release;
		};
/* End XCConfigurationList section */
	};
	rootObject = D2F9AC3D2C4A80E600C63D71 /* Project object */;
}
